
Microsoft Visual Studio Solution File, Format Version 12.00
# Visual Studio 14
VisualStudioVersion = 14.0.25123.0
MinimumVisualStudioVersion = 10.0.40219.1
Project("{FAE04EC0-301F-11D3-BF4B-00C04F79EFBC}") = "ChutzpahSample", "ChutzpahSample\ChutzpahSample.csproj", "{94F2883B-91A8-4520-B297-23FE2F4E8D76}"
EndProject
Project("{FAE04EC0-301F-11D3-BF4B-00C04F79EFBC}") = "ChutzpahSample.Tests", "ChutzpahSample.Tests\ChutzpahSample.Tests.csproj", "{107C6E82-34FF-4FEF-8380-1B2A88D6AE64}"
EndProject
Global
	GlobalSection(SolutionConfigurationPlatforms) = preSolution
		Debug|Any CPU = Debug|Any CPU
		Release|Any CPU = Release|Any CPU
	EndGlobalSection
	GlobalSection(ProjectConfigurationPlatforms) = postSolution
		{94F2883B-91A8-4520-B297-23FE2F4E8D76}.Debug|Any CPU.ActiveCfg = Debug|Any CPU
		{94F2883B-91A8-4520-B297-23FE2F4E8D76}.Debug|Any CPU.Build.0 = Debug|Any CPU
		{94F2883B-91A8-4520-B297-23FE2F4E8D76}.Release|Any CPU.ActiveCfg = Release|Any CPU
		{94F2883B-91A8-4520-B297-23FE2F4E8D76}.Release|Any CPU.Build.0 = Release|Any CPU
		{107C6E82-34FF-4FEF-8380-1B2A88D6AE64}.Debug|Any CPU.ActiveCfg = Debug|Any CPU
		{107C6E82-34FF-4FEF-8380-1B2A88D6AE64}.Debug|Any CPU.Build.0 = Debug|Any CPU
		{107C6E82-34FF-4FEF-8380-1B2A88D6AE64}.Release|Any CPU.ActiveCfg = Release|Any CPU
		{107C6E82-34FF-4FEF-8380-1B2A88D6AE64}.Release|Any CPU.Build.0 = Release|Any CPU
	EndGlobalSection
	GlobalSection(SolutionProperties) = preSolution
		HideSolutionNode = FALSE
	EndGlobalSection
EndGlobal
